
Microsoft Visual Studio Solution File, Format Version 12.00
# Visual Studio Version 16
VisualStudioVersion = 16.0.33927.289
MinimumVisualStudioVersion = 10.0.40219.1
Project("{2150E333-8FDC-42A3-9474-1A3956D46DE8}") = "Task0", "Task0", "{545D2829-447A-4C6A-A8DD-524CDD1107C2}"
EndProject
Project("{FAE04EC0-301F-11D3-BF4B-00C04F79EFBC}") = "Tyuiu.Bogdanova.SA.Sprint5.Task0.V16", "Tyuiu.Bogdanova.SA.Sprint5.Task0.V16\Tyuiu.Bogdanova.SA.Sprint5.Task0.V16.csproj", "{1CCFCFBC-9C09-4C2D-B2BC-F53F6B120B95}"
EndProject
Project("{FAE04EC0-301F-11D3-BF4B-00C04F79EFBC}") = "Tyuiu.Bogdanova.SA.Sprint5.Task0.V16.Lib", "Tyuiu.Bogdanova.SA.Sprint5.Task0.V16.Lib\Tyuiu.Bogdanova.SA.Sprint5.Task0.V16.Lib.csproj", "{AEE11557-560F-4736-85A6-124761E63DD2}"
EndProject
Project("{FAE04EC0-301F-11D3-BF4B-00C04F79EFBC}") = "Tyuiu.Bogdanova.SA.Sprint5.Task0.V16.Test", "Tyuiu.Bogdanova.SA.Sprint5.Task0.V16.Test\Tyuiu.Bogdanova.SA.Sprint5.Task0.V16.Test.csproj", "{78528B7D-A93E-4722-B05D-70D1376F3F3E}"
EndProject
Project("{2150E333-8FDC-42A3-9474-1A3956D46DE8}") = "Task1", "Task1", "{EA742344-84D4-466A-8F97-6E767118AF4A}"
EndProject
Project("{FAE04EC0-301F-11D3-BF4B-00C04F79EFBC}") = "Tyuiu.Bogdanova.SA.Sprint5.Task1.V15", "Tyuiu.Bogdanova.SA.Sprint5.Task1.V15\Tyuiu.Bogdanova.SA.Sprint5.Task1.V15.csproj", "{0558D1A7-5CCB-4C14-8DF8-A6748E2BFD22}"
EndProject
Project("{FAE04EC0-301F-11D3-BF4B-00C04F79EFBC}") = "Tyuiu.Bogdanova.SA.Sprint5.Task1.V15.Lib", "Tyuiu.Bogdanova.SA.Sprint5.Task1.V15.Lib\Tyuiu.Bogdanova.SA.Sprint5.Task1.V15.Lib.csproj", "{E8C51537-0D35-40C2-87D1-8DCE771D8623}"
EndProject
Project("{FAE04EC0-301F-11D3-BF4B-00C04F79EFBC}") = "Tyuiu.Bogdanova.SA.Sprint5.Task1.V15.Test", "Tyuiu.Bogdanova.SA.Sprint5.Task1.V15.Test\Tyuiu.Bogdanova.SA.Sprint5.Task1.V15.Test.csproj", "{DA56429B-C056-48D9-BDDE-122505FB7E55}"
EndProject
Project("{2150E333-8FDC-42A3-9474-1A3956D46DE8}") = "NewFolder2", "NewFolder2", "{850B12DA-8BE9-4807-99A4-27193177A7C2}"
EndProject
Project("{FAE04EC0-301F-11D3-BF4B-00C04F79EFBC}") = "Tyuiu.Bogdanova.SA.Sprint5.Task2.V3", "Tyuiu.Bogdanova.SA.Sprint5.Task2.V3\Tyuiu.Bogdanova.SA.Sprint5.Task2.V3.csproj", "{E06A212E-7301-4872-BD22-1C6A16B18977}"
EndProject
Project("{FAE04EC0-301F-11D3-BF4B-00C04F79EFBC}") = "Tyuiu.Bogdanova.SA.Sprint5.Task2.V3.Lib", "Tyuiu.Bogdanova.SA.Sprint5.Task2.V3.Lib\Tyuiu.Bogdanova.SA.Sprint5.Task2.V3.Lib.csproj", "{4BCC0053-5555-4995-A5CC-53DEBD5D2751}"
EndProject
Project("{FAE04EC0-301F-11D3-BF4B-00C04F79EFBC}") = "Tyuiu.Bogdanova.SA.Sprint5.Task2.V3.Test", "Tyuiu.Bogdanova.SA.Sprint5.Task2.V3.Test\Tyuiu.Bogdanova.SA.Sprint5.Task2.V3.Test.csproj", "{37F606AC-FECB-4F3F-B2C2-811C87420508}"
EndProject
Project("{2150E333-8FDC-42A3-9474-1A3956D46DE8}") = "NewFolder3", "NewFolder3", "{6453DCA6-32C2-4D90-A1CF-B00335374656}"
EndProject
Project("{FAE04EC0-301F-11D3-BF4B-00C04F79EFBC}") = "Tyuiu.Bogdanova.SA.Sprint5.Task3.V6", "Tyuiu.Bogdanova.SA.Sprint5.Task3.V6\Tyuiu.Bogdanova.SA.Sprint5.Task3.V6.csproj", "{39D56410-881D-4721-A504-F0EEDDD0254E}"
EndProject
Project("{FAE04EC0-301F-11D3-BF4B-00C04F79EFBC}") = "Tyuiu.Bogdanova.SA.Sprint5.Task3.V6.Lib", "Tyuiu.Bogdanova.SA.Sprint5.Task3.V6.Lib\Tyuiu.Bogdanova.SA.Sprint5.Task3.V6.Lib.csproj", "{B48FA23F-3460-42C7-8566-E6F79E13BDC3}"
EndProject
Project("{FAE04EC0-301F-11D3-BF4B-00C04F79EFBC}") = "Tyuiu.Bogdanova.SA.Sprint5.Task3.V6.Test", "Tyuiu.Bogdanova.SA.Sprint5.Task3.V6.Test\Tyuiu.Bogdanova.SA.Sprint5.Task3.V6.Test.csproj", "{8018E8FE-0F58-4482-A71D-ED4BBBA2BAFC}"
EndProject
Global
	GlobalSection(SolutionConfigurationPlatforms) = preSolution
		Debug|Any CPU = Debug|Any CPU
		Release|Any CPU = Release|Any CPU
	EndGlobalSection
	GlobalSection(ProjectConfigurationPlatforms) = postSolution
		{1CCFCFBC-9C09-4C2D-B2BC-F53F6B120B95}.Debug|Any CPU.ActiveCfg = Debug|Any CPU
		{1CCFCFBC-9C09-4C2D-B2BC-F53F6B120B95}.Debug|Any CPU.Build.0 = Debug|Any CPU
		{1CCFCFBC-9C09-4C2D-B2BC-F53F6B120B95}.Release|Any CPU.ActiveCfg = Release|Any CPU
		{1CCFCFBC-9C09-4C2D-B2BC-F53F6B120B95}.Release|Any CPU.Build.0 = Release|Any CPU
		{AEE11557-560F-4736-85A6-124761E63DD2}.Debug|Any CPU.ActiveCfg = Debug|Any CPU
		{AEE11557-560F-4736-85A6-124761E63DD2}.Debug|Any CPU.Build.0 = Debug|Any CPU
		{AEE11557-560F-4736-85A6-124761E63DD2}.Release|Any CPU.ActiveCfg = Release|Any CPU
		{AEE11557-560F-4736-85A6-124761E63DD2}.Release|Any CPU.Build.0 = Release|Any CPU
		{78528B7D-A93E-4722-B05D-70D1376F3F3E}.Debug|Any CPU.ActiveCfg = Debug|Any CPU
		{78528B7D-A93E-4722-B05D-70D1376F3F3E}.Debug|Any CPU.Build.0 = Debug|Any CPU
		{78528B7D-A93E-4722-B05D-70D1376F3F3E}.Release|Any CPU.ActiveCfg = Release|Any CPU
		{78528B7D-A93E-4722-B05D-70D1376F3F3E}.Release|Any CPU.Build.0 = Release|Any CPU
		{0558D1A7-5CCB-4C14-8DF8-A6748E2BFD22}.Debug|Any CPU.ActiveCfg = Debug|Any CPU
		{0558D1A7-5CCB-4C14-8DF8-A6748E2BFD22}.Debug|Any CPU.Build.0 = Debug|Any CPU
		{0558D1A7-5CCB-4C14-8DF8-A6748E2BFD22}.Release|Any CPU.ActiveCfg = Release|Any CPU
		{0558D1A7-5CCB-4C14-8DF8-A6748E2BFD22}.Release|Any CPU.Build.0 = Release|Any CPU
		{E8C51537-0D35-40C2-87D1-8DCE771D8623}.Debug|Any CPU.ActiveCfg = Debug|Any CPU
		{E8C51537-0D35-40C2-87D1-8DCE771D8623}.Debug|Any CPU.Build.0 = Debug|Any CPU
		{E8C51537-0D35-40C2-87D1-8DCE771D8623}.Release|Any CPU.ActiveCfg = Release|Any CPU
		{E8C51537-0D35-40C2-87D1-8DCE771D8623}.Release|Any CPU.Build.0 = Release|Any CPU
		{DA56429B-C056-48D9-BDDE-122505FB7E55}.Debug|Any CPU.ActiveCfg = Debug|Any CPU
		{DA56429B-C056-48D9-BDDE-122505FB7E55}.Debug|Any CPU.Build.0 = Debug|Any CPU
		{DA56429B-C056-48D9-BDDE-122505FB7E55}.Release|Any CPU.ActiveCfg = Release|Any CPU
		{DA56429B-C056-48D9-BDDE-122505FB7E55}.Release|Any CPU.Build.0 = Release|Any CPU
		{E06A212E-7301-4872-BD22-1C6A16B18977}.Debug|Any CPU.ActiveCfg = Debug|Any CPU
		{E06A212E-7301-4872-BD22-1C6A16B18977}.Debug|Any CPU.Build.0 = Debug|Any CPU
		{E06A212E-7301-4872-BD22-1C6A16B18977}.Release|Any CPU.ActiveCfg = Release|Any CPU
		{E06A212E-7301-4872-BD22-1C6A16B18977}.Release|Any CPU.Build.0 = Release|Any CPU
		{4BCC0053-5555-4995-A5CC-53DEBD5D2751}.Debug|Any CPU.ActiveCfg = Debug|Any CPU
		{4BCC0053-5555-4995-A5CC-53DEBD5D2751}.Debug|Any CPU.Build.0 = Debug|Any CPU
		{4BCC0053-5555-4995-A5CC-53DEBD5D2751}.Release|Any CPU.ActiveCfg = Release|Any CPU
		{4BCC0053-5555-4995-A5CC-53DEBD5D2751}.Release|Any CPU.Build.0 = Release|Any CPU
		{37F606AC-FECB-4F3F-B2C2-811C87420508}.Debug|Any CPU.ActiveCfg = Debug|Any CPU
		{37F606AC-FECB-4F3F-B2C2-811C87420508}.Debug|Any CPU.Build.0 = Debug|Any CPU
		{37F606AC-FECB-4F3F-B2C2-811C87420508}.Release|Any CPU.ActiveCfg = Release|Any CPU
		{37F606AC-FECB-4F3F-B2C2-811C87420508}.Release|Any CPU.Build.0 = Release|Any CPU
		{39D56410-881D-4721-A504-F0EEDDD0254E}.Debug|Any CPU.ActiveCfg = Debug|Any CPU
		{39D56410-881D-4721-A504-F0EEDDD0254E}.Debug|Any CPU.Build.0 = Debug|Any CPU
		{39D56410-881D-4721-A504-F0EEDDD0254E}.Release|Any CPU.ActiveCfg = Release|Any CPU
		{39D56410-881D-4721-A504-F0EEDDD0254E}.Release|Any CPU.Build.0 = Release|Any CPU
		{B48FA23F-3460-42C7-8566-E6F79E13BDC3}.Debug|Any CPU.ActiveCfg = Debug|Any CPU
		{B48FA23F-3460-42C7-8566-E6F79E13BDC3}.Debug|Any CPU.Build.0 = Debug|Any CPU
		{B48FA23F-3460-42C7-8566-E6F79E13BDC3}.Release|Any CPU.ActiveCfg = Release|Any CPU
		{B48FA23F-3460-42C7-8566-E6F79E13BDC3}.Release|Any CPU.Build.0 = Release|Any CPU
		{8018E8FE-0F58-4482-A71D-ED4BBBA2BAFC}.Debug|Any CPU.ActiveCfg = Debug|Any CPU
		{8018E8FE-0F58-4482-A71D-ED4BBBA2BAFC}.Debug|Any CPU.Build.0 = Debug|Any CPU
		{8018E8FE-0F58-4482-A71D-ED4BBBA2BAFC}.Release|Any CPU.ActiveCfg = Release|Any CPU
		{8018E8FE-0F58-4482-A71D-ED4BBBA2BAFC}.Release|Any CPU.Build.0 = Release|Any CPU
	EndGlobalSection
	GlobalSection(SolutionProperties) = preSolution
		HideSolutionNode = FALSE
	EndGlobalSection
	GlobalSection(NestedProjects) = preSolution
		{1CCFCFBC-9C09-4C2D-B2BC-F53F6B120B95} = {545D2829-447A-4C6A-A8DD-524CDD1107C2}
		{78528B7D-A93E-4722-B05D-70D1376F3F3E} = {545D2829-447A-4C6A-A8DD-524CDD1107C2}
		{0558D1A7-5CCB-4C14-8DF8-A6748E2BFD22} = {EA742344-84D4-466A-8F97-6E767118AF4A}
		{E8C51537-0D35-40C2-87D1-8DCE771D8623} = {EA742344-84D4-466A-8F97-6E767118AF4A}
		{DA56429B-C056-48D9-BDDE-122505FB7E55} = {EA742344-84D4-466A-8F97-6E767118AF4A}
		{E06A212E-7301-4872-BD22-1C6A16B18977} = {850B12DA-8BE9-4807-99A4-27193177A7C2}
		{4BCC0053-5555-4995-A5CC-53DEBD5D2751} = {850B12DA-8BE9-4807-99A4-27193177A7C2}
		{37F606AC-FECB-4F3F-B2C2-811C87420508} = {850B12DA-8BE9-4807-99A4-27193177A7C2}
		{39D56410-881D-4721-A504-F0EEDDD0254E} = {6453DCA6-32C2-4D90-A1CF-B00335374656}
		{B48FA23F-3460-42C7-8566-E6F79E13BDC3} = {6453DCA6-32C2-4D90-A1CF-B00335374656}
		{8018E8FE-0F58-4482-A71D-ED4BBBA2BAFC} = {6453DCA6-32C2-4D90-A1CF-B00335374656}
	EndGlobalSection
	GlobalSection(ExtensibilityGlobals) = postSolution
		SolutionGuid = {84AE5D36-7A25-4FF3-B786-0775A3B92E26}
	EndGlobalSection
EndGlobal
